
Microsoft Visual Studio Solution File, Format Version 12.00
# Visual Studio Version 16
VisualStudioVersion = 16.0.30011.22
MinimumVisualStudioVersion = 10.0.40219.1
Project("{FAE04EC0-301F-11D3-BF4B-00C04F79EFBC}") = "Projekt-Kamien-Papier-Nozyce-ConsoleApp", "Projekt-Kamien-Papier-Nozyce-ConsoleApp\Projekt-Kamien-Papier-Nozyce-ConsoleApp.csproj", "{28D33625-670C-487B-8838-9DE99895F0AB}"
EndProject
Project("{FAE04EC0-301F-11D3-BF4B-00C04F79EFBC}") = "Projekt-ClassLibrary", "Projekt-ClassLibrary\Projekt-ClassLibrary.csproj", "{237BFFDD-20A0-446D-821E-5B21DA524020}"
EndProject
Global
	GlobalSection(SolutionConfigurationPlatforms) = preSolution
		Debug|Any CPU = Debug|Any CPU
		Release|Any CPU = Release|Any CPU
	EndGlobalSection
	GlobalSection(ProjectConfigurationPlatforms) = postSolution
		{28D33625-670C-487B-8838-9DE99895F0AB}.Debug|Any CPU.ActiveCfg = Debug|Any CPU
		{28D33625-670C-487B-8838-9DE99895F0AB}.Debug|Any CPU.Build.0 = Debug|Any CPU
		{28D33625-670C-487B-8838-9DE99895F0AB}.Release|Any CPU.ActiveCfg = Release|Any CPU
		{28D33625-670C-487B-8838-9DE99895F0AB}.Release|Any CPU.Build.0 = Release|Any CPU
		{237BFFDD-20A0-446D-821E-5B21DA524020}.Debug|Any CPU.ActiveCfg = Debug|Any CPU
		{237BFFDD-20A0-446D-821E-5B21DA524020}.Debug|Any CPU.Build.0 = Debug|Any CPU
		{237BFFDD-20A0-446D-821E-5B21DA524020}.Release|Any CPU.ActiveCfg = Release|Any CPU
		{237BFFDD-20A0-446D-821E-5B21DA524020}.Release|Any CPU.Build.0 = Release|Any CPU
	EndGlobalSection
	GlobalSection(SolutionProperties) = preSolution
		HideSolutionNode = FALSE
	EndGlobalSection
	GlobalSection(ExtensibilityGlobals) = postSolution
		SolutionGuid = {13747098-E1B8-44A8-9A59-BFB0AE65EFCF}
	EndGlobalSection
EndGlobal
